// !$*UTF8*$!
{
	archiveVersion = 1;
	classes = {
	};
	objectVersion = 56;
	objects = {

/* Begin PBXBuildFile section */
		4100000C0000000000000000 /* ContentView.swift in Sources */ = {isa = PBXBuildFile; fileRef = 4100000A0000000000000000 /* ContentView.swift */; };
		4100000D0000000000000000 /* MetalExampleApp.swift in Sources */ = {isa = PBXBuildFile; fileRef = 4100000B0000000000000000 /* MetalExampleApp.swift */; };
		41DE92412EBC7518003D2E4C /* MetalCppImpl.mm in Sources */ = {isa = PBXBuildFile; fileRef = 41DE92402EBC7518003D2E4C /* MetalCppImpl.mm */; };
/* End PBXBuildFile section */

/* Begin PBXFileReference section */
		4100000A0000000000000000 /* ContentView.swift */ = {isa = PBXFileReference; lastKnownFileType = sourcecode.swift; path = SwiftUI/ContentView.swift; sourceTree = "<group>"; };
		4100000B0000000000000000 /* MetalExampleApp.swift */ = {isa = PBXFileReference; lastKnownFileType = sourcecode.swift; path = SwiftUI/MetalExampleApp.swift; sourceTree = "<group>"; };
		410000090000000000000000 /* MetalViewContainer.swift */ = {isa = PBXFileReference; lastKnownFileType = sourcecode.swift; path = SwiftUI/MetalViewContainer.swift; sourceTree = "<group>"; };
		41DE92402EBC7518003D2E4C /* MetalCppImpl.mm */ = {isa = PBXFileReference; lastKnownFileType = sourcecode.cpp.objcpp; name = MetalCppImpl.mm; path = MetalExample/MetalCppImpl.mm; sourceTree = "<group>"; };
/* End PBXFileReference section */

/* Begin PBXGroup section */
		410000010000000000000000 = {
			isa = PBXGroup;
			children = (
				410000080000000000000000 /* SwiftUI */,
				41DE92402EBC7518003D2E4C /* MetalCppImpl.mm */,
			);
			sourceTree = "<group>";
		};
		410000080000000000000000 /* SwiftUI */ = {
			isa = PBXGroup;
			children = (
				410000090000000000000000 /* MetalViewContainer.swift */,
				4100000A0000000000000000 /* ContentView.swift */,
				4100000B0000000000000000 /* MetalExampleApp.swift */,
			);
			path = SwiftUI;
			sourceTree = "<group>";
		};
/* End PBXGroup section */

/* Begin PBXSourcesBuildPhase section */
		410000050000000000000000 /* Sources */ = {
			isa = PBXSourcesBuildPhase;
			buildActionMask = 2147483647;
			files = (
				4100000C0000000000000000 /* ContentView.swift in Sources */,
				4100000D0000000000000000 /* MetalExampleApp.swift in Sources */,
				41DE92412EBC7518003D2E4C /* MetalCppImpl.mm in Sources */,
			);
			runOnlyForDeploymentPostprocessing = 0;
		};
/* End PBXSourcesBuildPhase section */

/* Begin XCBuildConfiguration section */
		410000060000000000000000 /* Debug */ = {
			isa = XCBuildConfiguration;
			buildSettings = {
				CLANG_ENABLE_OBJC_ARC = YES;
				ENABLE_PREVIEWS = YES;
				GCC_WARN_UNUSED_VARIABLE = YES;
				HEADER_SEARCH_PATHS = (
					"$(SRCROOT)/MetalExample",
					"$(SRCROOT)/SwiftUI",
				);
				PRODUCT_NAME = "$(TARGET_NAME)";
				SWIFT_VERSION = 5.0;
			};
			name = Debug;
		};
		410000070000000000000000 /* Release */ = {
			isa = XCBuildConfiguration;
			buildSettings = {
				CLANG_ENABLE_OBJC_ARC = YES;
				ENABLE_PREVIEWS = YES;
				GCC_WARN_UNUSED_VARIABLE = YES;
				HEADER_SEARCH_PATHS = (
					"$(SRCROOT)/MetalExample",
					"$(SRCROOT)/SwiftUI",
				);
				PRODUCT_NAME = "$(TARGET_NAME)";
				SWIFT_VERSION = 5.0;
			};
			name = Release;
		};
/* End XCBuildConfiguration section */

/* Begin XCConfigurationList section */
		410000100000000000000000 /* Build configuration list */ = {
			isa = XCConfigurationList;
			buildConfigurations = (
				410000060000000000000000 /* Debug */,
				410000070000000000000000 /* Release */,
			);
			defaultConfigurationIsVisible = 0;
			defaultConfigurationName = Release;
		};
/* End XCConfigurationList section */

	};
	rootObject = 410000010000000000000000;
}
